
Microsoft Visual Studio Solution File, Format Version 12.00
# Visual Studio Version 16
VisualStudioVersion = 16.0.31515.178
MinimumVisualStudioVersion = 10.0.40219.1
Project("{FAE04EC0-301F-11D3-BF4B-00C04F79EFBC}") = "ElasticSearch", "ElasticSearch\ElasticSearch.csproj", "{5F6DE65D-2899-4D50-841B-CCF3414B7622}"
EndProject
Global
	GlobalSection(SolutionConfigurationPlatforms) = preSolution
		Debug|Any CPU = Debug|Any CPU
		Release|Any CPU = Release|Any CPU
	EndGlobalSection
	GlobalSection(ProjectConfigurationPlatforms) = postSolution
		{5F6DE65D-2899-4D50-841B-CCF3414B7622}.Debug|Any CPU.ActiveCfg = Debug|Any CPU
		{5F6DE65D-2899-4D50-841B-CCF3414B7622}.Debug|Any CPU.Build.0 = Debug|Any CPU
		{5F6DE65D-2899-4D50-841B-CCF3414B7622}.Release|Any CPU.ActiveCfg = Release|Any CPU
		{5F6DE65D-2899-4D50-841B-CCF3414B7622}.Release|Any CPU.Build.0 = Release|Any CPU
	EndGlobalSection
	GlobalSection(SolutionProperties) = preSolution
		HideSolutionNode = FALSE
	EndGlobalSection
	GlobalSection(ExtensibilityGlobals) = postSolution
		SolutionGuid = {312B6DA1-56FB-4AAE-8D4C-964A4388BA7D}
	EndGlobalSection
EndGlobal
